
Microsoft Visual Studio Solution File, Format Version 11.00
# Visual Studio 2010
Project("{FAE04EC0-301F-11D3-BF4B-00C04F79EFBC}") = "Chip8Emulator", "Chip8Emulator\Chip8Emulator.csproj", "{DF2A87B5-29BD-4B14-BD2D-9162FE8CF417}"
EndProject
Project("{FAE04EC0-301F-11D3-BF4B-00C04F79EFBC}") = "Chip8EmulatorTests", "Chip8EmulatorTests\Chip8EmulatorTests.csproj", "{5A17096A-93FD-4FEE-B5B8-23B519D04253}"
EndProject
Global
	GlobalSection(SolutionConfigurationPlatforms) = preSolution
		Debug|Any CPU = Debug|Any CPU
		Release|Any CPU = Release|Any CPU
	EndGlobalSection
	GlobalSection(ProjectConfigurationPlatforms) = postSolution
		{DF2A87B5-29BD-4B14-BD2D-9162FE8CF417}.Debug|Any CPU.ActiveCfg = Debug|Any CPU
		{DF2A87B5-29BD-4B14-BD2D-9162FE8CF417}.Debug|Any CPU.Build.0 = Debug|Any CPU
		{DF2A87B5-29BD-4B14-BD2D-9162FE8CF417}.Release|Any CPU.ActiveCfg = Release|Any CPU
		{DF2A87B5-29BD-4B14-BD2D-9162FE8CF417}.Release|Any CPU.Build.0 = Release|Any CPU
		{5A17096A-93FD-4FEE-B5B8-23B519D04253}.Debug|Any CPU.ActiveCfg = Debug|Any CPU
		{5A17096A-93FD-4FEE-B5B8-23B519D04253}.Debug|Any CPU.Build.0 = Debug|Any CPU
		{5A17096A-93FD-4FEE-B5B8-23B519D04253}.Release|Any CPU.ActiveCfg = Release|Any CPU
		{5A17096A-93FD-4FEE-B5B8-23B519D04253}.Release|Any CPU.Build.0 = Release|Any CPU
	EndGlobalSection
	GlobalSection(SolutionProperties) = preSolution
		HideSolutionNode = FALSE
	EndGlobalSection
EndGlobal
